
Microsoft Visual Studio Solution File, Format Version 12.00
# Visual Studio Version 17
VisualStudioVersion = 17.9.34607.119
MinimumVisualStudioVersion = 10.0.40219.1
Project("{9A19103F-16F7-4668-BE54-9A1E7A4F7556}") = "FinancialHub.Common.Domain.Tests", "tests\FinancialHub.Common.Domain.Tests\FinancialHub.Common.Domain.Tests.csproj", "{4E6B8E13-D0EF-467E-B43A-C7BB4C988E4F}"
EndProject
Project("{9A19103F-16F7-4668-BE54-9A1E7A4F7556}") = "FinancialHub.Common.Domain", "src\FinancialHub.Common.Domain\FinancialHub.Common.Domain.csproj", "{CF76F1AA-7D78-4096-99A2-30155E63BD73}"
EndProject
Global
	GlobalSection(SolutionConfigurationPlatforms) = preSolution
		Debug|Any CPU = Debug|Any CPU
		Release|Any CPU = Release|Any CPU
	EndGlobalSection
	GlobalSection(ProjectConfigurationPlatforms) = postSolution
		{4E6B8E13-D0EF-467E-B43A-C7BB4C988E4F}.Debug|Any CPU.ActiveCfg = Debug|Any CPU
		{4E6B8E13-D0EF-467E-B43A-C7BB4C988E4F}.Debug|Any CPU.Build.0 = Debug|Any CPU
		{4E6B8E13-D0EF-467E-B43A-C7BB4C988E4F}.Release|Any CPU.ActiveCfg = Release|Any CPU
		{4E6B8E13-D0EF-467E-B43A-C7BB4C988E4F}.Release|Any CPU.Build.0 = Release|Any CPU
		{CF76F1AA-7D78-4096-99A2-30155E63BD73}.Debug|Any CPU.ActiveCfg = Debug|Any CPU
		{CF76F1AA-7D78-4096-99A2-30155E63BD73}.Debug|Any CPU.Build.0 = Debug|Any CPU
		{CF76F1AA-7D78-4096-99A2-30155E63BD73}.Release|Any CPU.ActiveCfg = Release|Any CPU
		{CF76F1AA-7D78-4096-99A2-30155E63BD73}.Release|Any CPU.Build.0 = Release|Any CPU
	EndGlobalSection
	GlobalSection(SolutionProperties) = preSolution
		HideSolutionNode = FALSE
	EndGlobalSection
	GlobalSection(ExtensibilityGlobals) = postSolution
		SolutionGuid = {FD2CA923-0198-4D25-A803-E4190DA95AFA}
	EndGlobalSection
EndGlobal
